# This file is automatically @generated by Poetry 1.8.2 and should not be changed by hand.

[[package]]
name = "hslcommunication"
version = "1.2.0"
description = "An industrial IoT underlying architecture framework, focusing on the underlying technical communications."
optional = false
python-versions = ">=3.5"
files = [
    {file = "HslCommunication-1.2.0.tar.gz", hash = "sha256:dad0da5b98274b445d3b0dc69b7e33878462193e4f5e4301769a9986ffeb639f"},
]

[metadata]
lock-version = "2.0"
python-versions = "^3.11"
content-hash = "b25e0545ef5af4ef5bb1f09b4f876ad4959c99dbc5c7df19c9ec5e5424e06cd6"
